
Microsoft Visual Studio Solution File, Format Version 12.00
# Visual Studio 15
VisualStudioVersion = 15.0.27004.2010
MinimumVisualStudioVersion = 10.0.40219.1
Project("{FAE04EC0-301F-11D3-BF4B-00C04F79EFBC}") = "Redgate.BattleBot_1.0", "Redgate.BattleBot_1.0\Redgate.BattleBot_1.0.csproj", "{0FE5E443-1E3E-4FD1-85A5-B4729E108760}"
EndProject
Global
	GlobalSection(SolutionConfigurationPlatforms) = preSolution
		Debug|Any CPU = Debug|Any CPU
		Release|Any CPU = Release|Any CPU
	EndGlobalSection
	GlobalSection(ProjectConfigurationPlatforms) = postSolution
		{0FE5E443-1E3E-4FD1-85A5-B4729E108760}.Debug|Any CPU.ActiveCfg = Debug|Any CPU
		{0FE5E443-1E3E-4FD1-85A5-B4729E108760}.Debug|Any CPU.Build.0 = Debug|Any CPU
		{0FE5E443-1E3E-4FD1-85A5-B4729E108760}.Release|Any CPU.ActiveCfg = Release|Any CPU
		{0FE5E443-1E3E-4FD1-85A5-B4729E108760}.Release|Any CPU.Build.0 = Release|Any CPU
	EndGlobalSection
	GlobalSection(SolutionProperties) = preSolution
		HideSolutionNode = FALSE
	EndGlobalSection
	GlobalSection(ExtensibilityGlobals) = postSolution
		SolutionGuid = {26172661-11B2-4DE1-B357-06C336AFCB6F}
	EndGlobalSection
EndGlobal
